<?xml version="1.0" encoding="utf-8"?>
<Project ToolsVersion="4.0" xmlns="http://schemas.microsoft.com/developer/msbuild/2003">
  <ItemGroup>
    <Filter Include="Source Files">
      <UniqueIdentifier>{4FC737F1-C7A5-4376-A066-2A32D752A2FF}</UniqueIdentifier>
      <Extensions>cpp;c;cc;cxx;def;odl;idl;hpj;bat;asm;asmx</Extensions>
    </Filter>
    <Filter Include="Header Files">
      <UniqueIdentifier>{93995380-89BD-4b04-88EB-625FBE52EBFB}</UniqueIdentifier>
      <Extensions>h;hh;hpp;hxx;hm;inl;inc;xsd</Extensions>
    </Filter>
    <Filter Include="Resource Files">
      <UniqueIdentifier>{D9D6E242-F8AF-46E4-B9FD-80ECBC20BA3E}</UniqueIdentifier>
      <Extensions>qrc;*</Extensions>
      <ParseFiles>false</ParseFiles>
    </Filter>
    <Filter Include="Form Files">
      <UniqueIdentifier>{99349809-55BA-4b9d-BF79-8FDBB0286EB3}</UniqueIdentifier>
      <Extensions>ui</Extensions>
    </Filter>
    <Filter Include="Resource Files">
      <UniqueIdentifier>{D9D6E242-F8AF-46E4-B9FD-80ECBC20BA3E}</UniqueIdentifier>
      <Extensions>qrc;*</Extensions>
      <ParseFiles>false</ParseFiles>
    </Filter>
    <Filter Include="Generated Files">
      <UniqueIdentifier>{71ED8ED8-ACB9-4CE9-BBE1-E00B30144E11}</UniqueIdentifier>
      <Extensions>moc;h;cpp</Extensions>
      <SourceControlFiles>False</SourceControlFiles>
    </Filter>
    <Filter Include="Generated Files\Debug">
      <UniqueIdentifier>{91f76007-2c12-4bfb-9b8d-ac52615f693f}</UniqueIdentifier>
    </Filter>
    <Filter Include="Generated Files\Release">
      <UniqueIdentifier>{47002705-0566-4a7c-9201-7ad2b34b8b0f}</UniqueIdentifier>
    </Filter>
    <Filter Include="Header Files\HCanvas">
      <UniqueIdentifier>{44a25cbf-59d2-4171-a61f-f5ab75252d33}</UniqueIdentifier>
    </Filter>
    <Filter Include="Source Files\HCanvas">
      <UniqueIdentifier>{2c565ede-a9a3-4adf-964c-c22ec8e3e438}</UniqueIdentifier>
    </Filter>
    <Filter Include="Header Files\ToolBar">
      <UniqueIdentifier>{a6f96757-58ca-4c05-8339-836bf95965ba}</UniqueIdentifier>
    </Filter>
    <Filter Include="Source Files\ToolBar">
      <UniqueIdentifier>{bc41e030-b5e0-46d4-ad4f-5a0e9ed8e8f0}</UniqueIdentifier>
    </Filter>
  </ItemGroup>
  <ItemGroup>
    <ClCompile Include="main.cpp">
      <Filter>Source Files</Filter>
    </ClCompile>
    <ClCompile Include="QtGuiApplication.cpp">
      <Filter>Source Files</Filter>
    </ClCompile>
    <ClCompile Include="GeneratedFiles\Debug\moc_QtGuiApplication.cpp">
      <Filter>Generated Files</Filter>
    </ClCompile>
    <ClCompile Include="GeneratedFiles\Release\moc_QtGuiApplication.cpp">
      <Filter>Generated Files</Filter>
    </ClCompile>
    <ClCompile Include="GeneratedFiles\qrc_QtGuiApplication.cpp">
      <Filter>Generated Files</Filter>
    </ClCompile>
    <ClCompile Include="mainwindows.cpp">
      <Filter>Source Files</Filter>
    </ClCompile>
    <ClCompile Include="GeneratedFiles\Debug\moc_mainwindows.cpp">
      <Filter>Generated Files</Filter>
    </ClCompile>
    <ClCompile Include="GeneratedFiles\Release\moc_mainwindows.cpp">
      <Filter>Generated Files</Filter>
    </ClCompile>
    <ClCompile Include="GeneratedFiles\Debug\moc_paintWidget.cpp">
      <Filter>Generated Files\Debug</Filter>
    </ClCompile>
    <ClCompile Include="GeneratedFiles\Release\moc_paintWidget.cpp">
      <Filter>Generated Files\Release</Filter>
    </ClCompile>
    <ClCompile Include="GeneratedFiles\Debug\moc_TextEdit.cpp">
      <Filter>Generated Files\Debug</Filter>
    </ClCompile>
    <ClCompile Include="GeneratedFiles\Release\moc_TextEdit.cpp">
      <Filter>Generated Files\Release</Filter>
    </ClCompile>
    <ClCompile Include="HCanvas\BaseShape.cpp">
      <Filter>Source Files\HCanvas</Filter>
    </ClCompile>
    <ClCompile Include="HCanvas\DrawArrow.cpp">
      <Filter>Source Files\HCanvas</Filter>
    </ClCompile>
    <ClCompile Include="HCanvas\DrawEllipse.cpp">
      <Filter>Source Files\HCanvas</Filter>
    </ClCompile>
    <ClCompile Include="HCanvas\DrawErase.cpp">
      <Filter>Source Files\HCanvas</Filter>
    </ClCompile>
    <ClCompile Include="HCanvas\DrawLine.cpp">
      <Filter>Source Files\HCanvas</Filter>
    </ClCompile>
    <ClCompile Include="HCanvas\DrawPen.cpp">
      <Filter>Source Files\HCanvas</Filter>
    </ClCompile>
    <ClCompile Include="HCanvas\DrawPolygon.cpp">
      <Filter>Source Files\HCanvas</Filter>
    </ClCompile>
    <ClCompile Include="HCanvas\DrawRect.cpp">
      <Filter>Source Files\HCanvas</Filter>
    </ClCompile>
    <ClCompile Include="HCanvas\DrawText.cpp">
      <Filter>Source Files\HCanvas</Filter>
    </ClCompile>
    <ClCompile Include="HCanvas\paintWidget.cpp">
      <Filter>Source Files\HCanvas</Filter>
    </ClCompile>
    <ClCompile Include="HCanvas\TextEdit.cpp">
      <Filter>Source Files\HCanvas</Filter>
    </ClCompile>
    <ClCompile Include="HCanvas\HCanvas.cpp">
      <Filter>Source Files</Filter>
    </ClCompile>
    <ClCompile Include="ToolBar\ToolBarWidget.cpp">
      <Filter>Source Files\ToolBar</Filter>
    </ClCompile>
    <ClCompile Include="GeneratedFiles\Debug\moc_HCanvas.cpp">
      <Filter>Generated Files\Debug</Filter>
    </ClCompile>
    <ClCompile Include="GeneratedFiles\Release\moc_HCanvas.cpp">
      <Filter>Generated Files\Release</Filter>
    </ClCompile>
    <ClCompile Include="GeneratedFiles\Debug\moc_ToolBarWidget.cpp">
      <Filter>Generated Files\Debug</Filter>
    </ClCompile>
    <ClCompile Include="GeneratedFiles\Release\moc_ToolBarWidget.cpp">
      <Filter>Generated Files\Release</Filter>
    </ClCompile>
    <ClCompile Include="GeneratedFiles\Debug\moc_ItemWidget.cpp">
      <Filter>Generated Files\Debug</Filter>
    </ClCompile>
    <ClCompile Include="GeneratedFiles\Release\moc_ItemWidget.cpp">
      <Filter>Generated Files\Release</Filter>
    </ClCompile>
    <ClCompile Include="ItemWidget.cpp">
      <Filter>Source Files</Filter>
    </ClCompile>
    <ClCompile Include="GeneratedFiles\Debug\moc_CToolTip.cpp">
      <Filter>Generated Files\Debug</Filter>
    </ClCompile>
    <ClCompile Include="GeneratedFiles\Release\moc_CToolTip.cpp">
      <Filter>Generated Files\Release</Filter>
    </ClCompile>
    <ClCompile Include="CToolTip.cpp">
      <Filter>Source Files</Filter>
    </ClCompile>
  </ItemGroup>
  <ItemGroup>
    <CustomBuild Include="QtGuiApplication.h">
      <Filter>Header Files</Filter>
    </CustomBuild>
    <CustomBuild Include="QtGuiApplication.ui">
      <Filter>Form Files</Filter>
    </CustomBuild>
    <CustomBuild Include="QtGuiApplication.qrc">
      <Filter>Resource Files</Filter>
    </CustomBuild>
    <CustomBuild Include="mainwindows.h">
      <Filter>Header Files</Filter>
    </CustomBuild>
    <CustomBuild Include="HCanvas\paintWidget.h">
      <Filter>Header Files\HCanvas</Filter>
    </CustomBuild>
    <CustomBuild Include="HCanvas\TextEdit.h">
      <Filter>Header Files\HCanvas</Filter>
    </CustomBuild>
    <CustomBuild Include="HCanvas\HCanvas.h">
      <Filter>Header Files\HCanvas</Filter>
    </CustomBuild>
    <CustomBuild Include="ToolBar\ToolBarWidget.ui">
      <Filter>Form Files</Filter>
    </CustomBuild>
    <CustomBuild Include="ToolBar\ToolBarWidget.h">
      <Filter>Header Files\ToolBar</Filter>
    </CustomBuild>
    <CustomBuild Include="ItemWidget.h">
      <Filter>Header Files</Filter>
    </CustomBuild>
    <CustomBuild Include="CToolTip.h">
      <Filter>Header Files</Filter>
    </CustomBuild>
    <CustomBuild Include="MainWidget.ui">
      <Filter>Form Files</Filter>
    </CustomBuild>
  </ItemGroup>
  <ItemGroup>
    <ClInclude Include="GeneratedFiles\ui_QtGuiApplication.h">
      <Filter>Generated Files</Filter>
    </ClInclude>
    <ClInclude Include="HCanvas\BaseShape.h">
      <Filter>Header Files\HCanvas</Filter>
    </ClInclude>
    <ClInclude Include="HCanvas\DrawArrow.h">
      <Filter>Header Files\HCanvas</Filter>
    </ClInclude>
    <ClInclude Include="HCanvas\DrawEllipse.h">
      <Filter>Header Files\HCanvas</Filter>
    </ClInclude>
    <ClInclude Include="HCanvas\DrawErase.h">
      <Filter>Header Files\HCanvas</Filter>
    </ClInclude>
    <ClInclude Include="HCanvas\DrawLine.h">
      <Filter>Header Files\HCanvas</Filter>
    </ClInclude>
    <ClInclude Include="HCanvas\DrawPen.h">
      <Filter>Header Files\HCanvas</Filter>
    </ClInclude>
    <ClInclude Include="HCanvas\DrawPolygon.h">
      <Filter>Header Files\HCanvas</Filter>
    </ClInclude>
    <ClInclude Include="HCanvas\DrawRect.h">
      <Filter>Header Files\HCanvas</Filter>
    </ClInclude>
    <ClInclude Include="HCanvas\DrawText.h">
      <Filter>Header Files\HCanvas</Filter>
    </ClInclude>
    <ClInclude Include="HCanvas\type.h">
      <Filter>Header Files\HCanvas</Filter>
    </ClInclude>
    <ClInclude Include="GeneratedFiles\ui_ToolBarWidget.h">
      <Filter>Generated Files</Filter>
    </ClInclude>
    <ClInclude Include="GeneratedFiles\ui_MainWidget.h">
      <Filter>Generated Files</Filter>
    </ClInclude>
  </ItemGroup>
</Project>